
Microsoft Visual Studio Solution File, Format Version 12.00
Project("{2150E333-8FDC-42A3-9474-1A3956D46DE8}") = "Src", "Src", "{4DCCA64C-D915-49D5-B748-FE9330C6A366}"
EndProject
Project("{2150E333-8FDC-42A3-9474-1A3956D46DE8}") = "Clients", "Clients", "{E8D3970E-9F03-414B-83FB-D9FD8C3018C3}"
EndProject
Project("{2150E333-8FDC-42A3-9474-1A3956D46DE8}") = "Servers", "Servers", "{C42DB0A9-DA4B-4475-89CC-2518D9EBED82}"
EndProject
Project("{2150E333-8FDC-42A3-9474-1A3956D46DE8}") = "Starter", "Starter", "{B41A2652-F158-47CF-8178-C3A391434878}"
EndProject
Project("{FAE04EC0-301F-11D3-BF4B-00C04F79EFBC}") = "Diwa.Todo.AppHost", "Src\Starter\Diwa.Todo\Diwa.Todo.AppHost\Diwa.Todo.AppHost.csproj", "{B84EC819-B3BD-4DDE-9108-9E03F924D374}"
EndProject
Project("{FAE04EC0-301F-11D3-BF4B-00C04F79EFBC}") = "Diwa.Todo.ServiceDefaults", "Src\Starter\Diwa.Todo\Diwa.Todo.ServiceDefaults\Diwa.Todo.ServiceDefaults.csproj", "{24CEA9C8-960D-4550-9AF4-9DDD7D3573C3}"
EndProject
Project("{2150E333-8FDC-42A3-9474-1A3956D46DE8}") = "Adapters", "Adapters", "{F304921E-BAA5-4D94-904D-19526AD5248F}"
EndProject
Project("{2150E333-8FDC-42A3-9474-1A3956D46DE8}") = "Adapters", "Adapters", "{484197CF-0490-4AC6-80EE-BE09E3F9E092}"
EndProject
Project("{FAE04EC0-301F-11D3-BF4B-00C04F79EFBC}") = "Diwa.Todo.Api.Adapter", "Src\Servers\Adapters\Diwa.Todo.Api.Adapter\Diwa.Todo.Api.Adapter.csproj", "{0F3B38C1-0FB1-4C2C-8AFF-14CB706DCAF4}"
EndProject
Project("{FAE04EC0-301F-11D3-BF4B-00C04F79EFBC}") = "Diwa.Todo.Application", "Src\Servers\Diwa.Todo.Application\Diwa.Todo.Application.csproj", "{EEDD0B83-B4CF-4F42-A9C9-C71956633BD7}"
EndProject
Project("{2150E333-8FDC-42A3-9474-1A3956D46DE8}") = "Common", "Common", "{AF1EB6D9-7619-4213-B38E-5865FE6E70FE}"
EndProject
Project("{FAE04EC0-301F-11D3-BF4B-00C04F79EFBC}") = "Diwa.Todo.Common.DataModels", "Src\Common\Diwa.Todo.Common.DataModels\Diwa.Todo.Common.DataModels.csproj", "{26C9BCAA-3A8E-4CA7-8840-5DE9E8AE7776}"
EndProject
Project("{FAE04EC0-301F-11D3-BF4B-00C04F79EFBC}") = "Diwa.Todo", "Src\Servers\Diwa.Todo\Diwa.Todo.csproj", "{285DC5F4-C613-4C26-A1AD-EB6099E8B05B}"
EndProject
Project("{FAE04EC0-301F-11D3-BF4B-00C04F79EFBC}") = "Diwa.Todo.Port", "Src\Servers\Diwa.Todo.Port\Diwa.Todo.Port.csproj", "{98ED7134-6ECD-44BA-9EEB-0A1F0BA078A4}"
EndProject
Project("{FAE04EC0-301F-11D3-BF4B-00C04F79EFBC}") = "Diwa.Todo.Database.Adapter", "Src\Servers\Adapters\Diwa.Todo.Database.Adapter\Diwa.Todo.Database.Adapter.csproj", "{9876AD4A-ACEB-4AF6-A72B-3C9441705E12}"
EndProject
Project("{FAE04EC0-301F-11D3-BF4B-00C04F79EFBC}") = "Diwa.Todo.Common.OperationResult", "Src\Common\Diwa.Todo.Common.OperationResult\Diwa.Todo.Common.OperationResult.csproj", "{9BEA761A-E4FB-4A44-BB0B-AFDB9D1C9956}"
EndProject
Project("{FAE04EC0-301F-11D3-BF4B-00C04F79EFBC}") = "Diwa.Todo.Client", "Src\Clients\Diwa.Todo.Client\Diwa.Todo.Client.csproj", "{E6A7BBF7-0B54-46D5-BCCA-C515144208A9}"
EndProject
Project("{FAE04EC0-301F-11D3-BF4B-00C04F79EFBC}") = "Diwa.Todo.BlazorUI.Adapter", "Src\Clients\Adapters\Diwa.Todo.BlazorUI.Adapter\Diwa.Todo.BlazorUI.Adapter.csproj", "{E681616D-D694-4240-A7E6-0FF573983384}"
EndProject
Project("{FAE04EC0-301F-11D3-BF4B-00C04F79EFBC}") = "Diwa.Todo.HttpClient.Adapter", "Src\Clients\Adapters\Diwa.Todo.HttpClient.Adapter\Diwa.Todo.HttpClient.Adapter.csproj", "{D8E922D3-976D-4D4E-AF56-5FE67106013A}"
EndProject
Project("{FAE04EC0-301F-11D3-BF4B-00C04F79EFBC}") = "Diwa.Todo.Client.Port", "Src\Clients\Diwa.Todo.Client.Port\Diwa.Todo.Client.Port.csproj", "{F51980D0-F378-442C-B926-5DD6EB7E574C}"
EndProject
Project("{FAE04EC0-301F-11D3-BF4B-00C04F79EFBC}") = "Diwa.Todo.Client.Application", "Src\Clients\Diwa.Todo.Client.Application\Diwa.Todo.Client.Application.csproj", "{E4C49473-FE93-4D32-8140-A0463244D145}"
EndProject
Project("{FAE04EC0-301F-11D3-BF4B-00C04F79EFBC}") = "Diwa.Todo.Client.Protocol", "Src\Clients\Diwa.Todo.Client.Protocol\Diwa.Todo.Client.Protocol.csproj", "{35403C64-6A38-4E0B-A17A-2161ED01E33A}"
EndProject
Global
	GlobalSection(SolutionConfigurationPlatforms) = preSolution
		Debug|Any CPU = Debug|Any CPU
		Release|Any CPU = Release|Any CPU
	EndGlobalSection
	GlobalSection(NestedProjects) = preSolution
		{E8D3970E-9F03-414B-83FB-D9FD8C3018C3} = {4DCCA64C-D915-49D5-B748-FE9330C6A366}
		{C42DB0A9-DA4B-4475-89CC-2518D9EBED82} = {4DCCA64C-D915-49D5-B748-FE9330C6A366}
		{B41A2652-F158-47CF-8178-C3A391434878} = {4DCCA64C-D915-49D5-B748-FE9330C6A366}
		{B84EC819-B3BD-4DDE-9108-9E03F924D374} = {B41A2652-F158-47CF-8178-C3A391434878}
		{24CEA9C8-960D-4550-9AF4-9DDD7D3573C3} = {B41A2652-F158-47CF-8178-C3A391434878}
		{F304921E-BAA5-4D94-904D-19526AD5248F} = {E8D3970E-9F03-414B-83FB-D9FD8C3018C3}
		{484197CF-0490-4AC6-80EE-BE09E3F9E092} = {C42DB0A9-DA4B-4475-89CC-2518D9EBED82}
		{0F3B38C1-0FB1-4C2C-8AFF-14CB706DCAF4} = {484197CF-0490-4AC6-80EE-BE09E3F9E092}
		{EEDD0B83-B4CF-4F42-A9C9-C71956633BD7} = {C42DB0A9-DA4B-4475-89CC-2518D9EBED82}
		{AF1EB6D9-7619-4213-B38E-5865FE6E70FE} = {4DCCA64C-D915-49D5-B748-FE9330C6A366}
		{26C9BCAA-3A8E-4CA7-8840-5DE9E8AE7776} = {AF1EB6D9-7619-4213-B38E-5865FE6E70FE}
		{285DC5F4-C613-4C26-A1AD-EB6099E8B05B} = {C42DB0A9-DA4B-4475-89CC-2518D9EBED82}
		{98ED7134-6ECD-44BA-9EEB-0A1F0BA078A4} = {C42DB0A9-DA4B-4475-89CC-2518D9EBED82}
		{9876AD4A-ACEB-4AF6-A72B-3C9441705E12} = {484197CF-0490-4AC6-80EE-BE09E3F9E092}
		{9BEA761A-E4FB-4A44-BB0B-AFDB9D1C9956} = {AF1EB6D9-7619-4213-B38E-5865FE6E70FE}
		{E6A7BBF7-0B54-46D5-BCCA-C515144208A9} = {E8D3970E-9F03-414B-83FB-D9FD8C3018C3}
		{E681616D-D694-4240-A7E6-0FF573983384} = {F304921E-BAA5-4D94-904D-19526AD5248F}
		{D8E922D3-976D-4D4E-AF56-5FE67106013A} = {F304921E-BAA5-4D94-904D-19526AD5248F}
		{F51980D0-F378-442C-B926-5DD6EB7E574C} = {E8D3970E-9F03-414B-83FB-D9FD8C3018C3}
		{E4C49473-FE93-4D32-8140-A0463244D145} = {E8D3970E-9F03-414B-83FB-D9FD8C3018C3}
		{35403C64-6A38-4E0B-A17A-2161ED01E33A} = {E8D3970E-9F03-414B-83FB-D9FD8C3018C3}
	EndGlobalSection
	GlobalSection(ProjectConfigurationPlatforms) = postSolution
		{B84EC819-B3BD-4DDE-9108-9E03F924D374}.Debug|Any CPU.ActiveCfg = Debug|Any CPU
		{B84EC819-B3BD-4DDE-9108-9E03F924D374}.Debug|Any CPU.Build.0 = Debug|Any CPU
		{B84EC819-B3BD-4DDE-9108-9E03F924D374}.Release|Any CPU.ActiveCfg = Release|Any CPU
		{B84EC819-B3BD-4DDE-9108-9E03F924D374}.Release|Any CPU.Build.0 = Release|Any CPU
		{24CEA9C8-960D-4550-9AF4-9DDD7D3573C3}.Debug|Any CPU.ActiveCfg = Debug|Any CPU
		{24CEA9C8-960D-4550-9AF4-9DDD7D3573C3}.Debug|Any CPU.Build.0 = Debug|Any CPU
		{24CEA9C8-960D-4550-9AF4-9DDD7D3573C3}.Release|Any CPU.ActiveCfg = Release|Any CPU
		{24CEA9C8-960D-4550-9AF4-9DDD7D3573C3}.Release|Any CPU.Build.0 = Release|Any CPU
		{0F3B38C1-0FB1-4C2C-8AFF-14CB706DCAF4}.Debug|Any CPU.ActiveCfg = Debug|Any CPU
		{0F3B38C1-0FB1-4C2C-8AFF-14CB706DCAF4}.Debug|Any CPU.Build.0 = Debug|Any CPU
		{0F3B38C1-0FB1-4C2C-8AFF-14CB706DCAF4}.Release|Any CPU.ActiveCfg = Release|Any CPU
		{0F3B38C1-0FB1-4C2C-8AFF-14CB706DCAF4}.Release|Any CPU.Build.0 = Release|Any CPU
		{EEDD0B83-B4CF-4F42-A9C9-C71956633BD7}.Debug|Any CPU.ActiveCfg = Debug|Any CPU
		{EEDD0B83-B4CF-4F42-A9C9-C71956633BD7}.Debug|Any CPU.Build.0 = Debug|Any CPU
		{EEDD0B83-B4CF-4F42-A9C9-C71956633BD7}.Release|Any CPU.ActiveCfg = Release|Any CPU
		{EEDD0B83-B4CF-4F42-A9C9-C71956633BD7}.Release|Any CPU.Build.0 = Release|Any CPU
		{26C9BCAA-3A8E-4CA7-8840-5DE9E8AE7776}.Debug|Any CPU.ActiveCfg = Debug|Any CPU
		{26C9BCAA-3A8E-4CA7-8840-5DE9E8AE7776}.Debug|Any CPU.Build.0 = Debug|Any CPU
		{26C9BCAA-3A8E-4CA7-8840-5DE9E8AE7776}.Release|Any CPU.ActiveCfg = Release|Any CPU
		{26C9BCAA-3A8E-4CA7-8840-5DE9E8AE7776}.Release|Any CPU.Build.0 = Release|Any CPU
		{285DC5F4-C613-4C26-A1AD-EB6099E8B05B}.Debug|Any CPU.ActiveCfg = Debug|Any CPU
		{285DC5F4-C613-4C26-A1AD-EB6099E8B05B}.Debug|Any CPU.Build.0 = Debug|Any CPU
		{285DC5F4-C613-4C26-A1AD-EB6099E8B05B}.Release|Any CPU.ActiveCfg = Release|Any CPU
		{285DC5F4-C613-4C26-A1AD-EB6099E8B05B}.Release|Any CPU.Build.0 = Release|Any CPU
		{98ED7134-6ECD-44BA-9EEB-0A1F0BA078A4}.Debug|Any CPU.ActiveCfg = Debug|Any CPU
		{98ED7134-6ECD-44BA-9EEB-0A1F0BA078A4}.Debug|Any CPU.Build.0 = Debug|Any CPU
		{98ED7134-6ECD-44BA-9EEB-0A1F0BA078A4}.Release|Any CPU.ActiveCfg = Release|Any CPU
		{98ED7134-6ECD-44BA-9EEB-0A1F0BA078A4}.Release|Any CPU.Build.0 = Release|Any CPU
		{9876AD4A-ACEB-4AF6-A72B-3C9441705E12}.Debug|Any CPU.ActiveCfg = Debug|Any CPU
		{9876AD4A-ACEB-4AF6-A72B-3C9441705E12}.Debug|Any CPU.Build.0 = Debug|Any CPU
		{9876AD4A-ACEB-4AF6-A72B-3C9441705E12}.Release|Any CPU.ActiveCfg = Release|Any CPU
		{9876AD4A-ACEB-4AF6-A72B-3C9441705E12}.Release|Any CPU.Build.0 = Release|Any CPU
		{9BEA761A-E4FB-4A44-BB0B-AFDB9D1C9956}.Debug|Any CPU.ActiveCfg = Debug|Any CPU
		{9BEA761A-E4FB-4A44-BB0B-AFDB9D1C9956}.Debug|Any CPU.Build.0 = Debug|Any CPU
		{9BEA761A-E4FB-4A44-BB0B-AFDB9D1C9956}.Release|Any CPU.ActiveCfg = Release|Any CPU
		{9BEA761A-E4FB-4A44-BB0B-AFDB9D1C9956}.Release|Any CPU.Build.0 = Release|Any CPU
		{E6A7BBF7-0B54-46D5-BCCA-C515144208A9}.Debug|Any CPU.ActiveCfg = Debug|Any CPU
		{E6A7BBF7-0B54-46D5-BCCA-C515144208A9}.Debug|Any CPU.Build.0 = Debug|Any CPU
		{E6A7BBF7-0B54-46D5-BCCA-C515144208A9}.Release|Any CPU.ActiveCfg = Release|Any CPU
		{E6A7BBF7-0B54-46D5-BCCA-C515144208A9}.Release|Any CPU.Build.0 = Release|Any CPU
		{E681616D-D694-4240-A7E6-0FF573983384}.Debug|Any CPU.ActiveCfg = Debug|Any CPU
		{E681616D-D694-4240-A7E6-0FF573983384}.Debug|Any CPU.Build.0 = Debug|Any CPU
		{E681616D-D694-4240-A7E6-0FF573983384}.Release|Any CPU.ActiveCfg = Release|Any CPU
		{E681616D-D694-4240-A7E6-0FF573983384}.Release|Any CPU.Build.0 = Release|Any CPU
		{D8E922D3-976D-4D4E-AF56-5FE67106013A}.Debug|Any CPU.ActiveCfg = Debug|Any CPU
		{D8E922D3-976D-4D4E-AF56-5FE67106013A}.Debug|Any CPU.Build.0 = Debug|Any CPU
		{D8E922D3-976D-4D4E-AF56-5FE67106013A}.Release|Any CPU.ActiveCfg = Release|Any CPU
		{D8E922D3-976D-4D4E-AF56-5FE67106013A}.Release|Any CPU.Build.0 = Release|Any CPU
		{F51980D0-F378-442C-B926-5DD6EB7E574C}.Debug|Any CPU.ActiveCfg = Debug|Any CPU
		{F51980D0-F378-442C-B926-5DD6EB7E574C}.Debug|Any CPU.Build.0 = Debug|Any CPU
		{F51980D0-F378-442C-B926-5DD6EB7E574C}.Release|Any CPU.ActiveCfg = Release|Any CPU
		{F51980D0-F378-442C-B926-5DD6EB7E574C}.Release|Any CPU.Build.0 = Release|Any CPU
		{E4C49473-FE93-4D32-8140-A0463244D145}.Debug|Any CPU.ActiveCfg = Debug|Any CPU
		{E4C49473-FE93-4D32-8140-A0463244D145}.Debug|Any CPU.Build.0 = Debug|Any CPU
		{E4C49473-FE93-4D32-8140-A0463244D145}.Release|Any CPU.ActiveCfg = Release|Any CPU
		{E4C49473-FE93-4D32-8140-A0463244D145}.Release|Any CPU.Build.0 = Release|Any CPU
		{35403C64-6A38-4E0B-A17A-2161ED01E33A}.Debug|Any CPU.ActiveCfg = Debug|Any CPU
		{35403C64-6A38-4E0B-A17A-2161ED01E33A}.Debug|Any CPU.Build.0 = Debug|Any CPU
		{35403C64-6A38-4E0B-A17A-2161ED01E33A}.Release|Any CPU.ActiveCfg = Release|Any CPU
		{35403C64-6A38-4E0B-A17A-2161ED01E33A}.Release|Any CPU.Build.0 = Release|Any CPU
	EndGlobalSection
EndGlobal
